
Microsoft Visual Studio Solution File, Format Version 12.00
# Visual Studio Version 16
VisualStudioVersion = 16.0.32802.440
MinimumVisualStudioVersion = 10.0.40219.1
Project("{FAE04EC0-301F-11D3-BF4B-00C04F79EFBC}") = "Disassembler - Merkle", "Disassembler - Merkle\Disassembler - Merkle.csproj", "{56B407B1-F72E-445B-AA91-19B6D925113C}"
EndProject
Global
	GlobalSection(SolutionConfigurationPlatforms) = preSolution
		Debug|Any CPU = Debug|Any CPU
		Release|Any CPU = Release|Any CPU
	EndGlobalSection
	GlobalSection(ProjectConfigurationPlatforms) = postSolution
		{56B407B1-F72E-445B-AA91-19B6D925113C}.Debug|Any CPU.ActiveCfg = Debug|Any CPU
		{56B407B1-F72E-445B-AA91-19B6D925113C}.Debug|Any CPU.Build.0 = Debug|Any CPU
		{56B407B1-F72E-445B-AA91-19B6D925113C}.Release|Any CPU.ActiveCfg = Release|Any CPU
		{56B407B1-F72E-445B-AA91-19B6D925113C}.Release|Any CPU.Build.0 = Release|Any CPU
	EndGlobalSection
	GlobalSection(SolutionProperties) = preSolution
		HideSolutionNode = FALSE
	EndGlobalSection
	GlobalSection(ExtensibilityGlobals) = postSolution
		SolutionGuid = {81F9D7CE-6315-4788-8E31-7214362E0A9E}
	EndGlobalSection
EndGlobal
